
Microsoft Visual Studio Solution File, Format Version 12.00
# Visual Studio Version 17
VisualStudioVersion = 17.0.31903.59
MinimumVisualStudioVersion = 10.0.40219.1
Project("{9A19103F-16F7-4668-BE54-9A1E7A4F7556}") = "webapi", "webapi\webapi.csproj", "{6443FF37-07EC-490A-BF00-2FAE3E5280F5}"
EndProject
Project("{9A19103F-16F7-4668-BE54-9A1E7A4F7556}") = "tests", "tests\tests.csproj", "{3D465B80-154A-4E8A-8170-87CBB38E2AF6}"
EndProject
Project("{2150E333-8FDC-42A3-9474-1A3956D46DE8}") = "README", "README", "{EAB9DA70-EFB3-4A17-9E18-ACBF1BCF5865}"
	ProjectSection(SolutionItems) = preProject
		README-ca.md = README-ca.md
		README-es.md = README-es.md
		README.md = README.md
	EndProjectSection
EndProject
Project("{2150E333-8FDC-42A3-9474-1A3956D46DE8}") = "READMEImages", "READMEImages", "{9A49F927-44BB-4184-91FD-02B21C82B7A7}"
	ProjectSection(SolutionItems) = preProject
		READMEImages\Image01.png = READMEImages\Image01.png
		READMEImages\Image02.png = READMEImages\Image02.png
		READMEImages\Image03.png = READMEImages\Image03.png
		READMEImages\Image04.png = READMEImages\Image04.png
		READMEImages\Image05.png = READMEImages\Image05.png
		READMEImages\Image06.png = READMEImages\Image06.png
		READMEImages\Image07.png = READMEImages\Image07.png
		READMEImages\Image08.png = READMEImages\Image08.png
		READMEImages\Image09.png = READMEImages\Image09.png
		READMEImages\Image10.png = READMEImages\Image10.png
		READMEImages\Image11.png = READMEImages\Image11.png
	EndProjectSection
EndProject
Project("{9A19103F-16F7-4668-BE54-9A1E7A4F7556}") = "EntityFrameworkCore.EncryptColumn", "EntityFrameworkCore.EncryptColumn\EntityFrameworkCore.EncryptColumn.csproj", "{D9C001B5-5E65-4D28-9502-BF9E4F8E9BCA}"
EndProject
Global
	GlobalSection(SolutionConfigurationPlatforms) = preSolution
		Debug|Any CPU = Debug|Any CPU
		Release|Any CPU = Release|Any CPU
	EndGlobalSection
	GlobalSection(ProjectConfigurationPlatforms) = postSolution
		{6443FF37-07EC-490A-BF00-2FAE3E5280F5}.Debug|Any CPU.ActiveCfg = Debug|Any CPU
		{6443FF37-07EC-490A-BF00-2FAE3E5280F5}.Debug|Any CPU.Build.0 = Debug|Any CPU
		{6443FF37-07EC-490A-BF00-2FAE3E5280F5}.Release|Any CPU.ActiveCfg = Release|Any CPU
		{6443FF37-07EC-490A-BF00-2FAE3E5280F5}.Release|Any CPU.Build.0 = Release|Any CPU
		{3D465B80-154A-4E8A-8170-87CBB38E2AF6}.Debug|Any CPU.ActiveCfg = Debug|Any CPU
		{3D465B80-154A-4E8A-8170-87CBB38E2AF6}.Debug|Any CPU.Build.0 = Debug|Any CPU
		{3D465B80-154A-4E8A-8170-87CBB38E2AF6}.Release|Any CPU.ActiveCfg = Release|Any CPU
		{3D465B80-154A-4E8A-8170-87CBB38E2AF6}.Release|Any CPU.Build.0 = Release|Any CPU
		{D9C001B5-5E65-4D28-9502-BF9E4F8E9BCA}.Debug|Any CPU.ActiveCfg = Debug|Any CPU
		{D9C001B5-5E65-4D28-9502-BF9E4F8E9BCA}.Debug|Any CPU.Build.0 = Debug|Any CPU
		{D9C001B5-5E65-4D28-9502-BF9E4F8E9BCA}.Release|Any CPU.ActiveCfg = Release|Any CPU
		{D9C001B5-5E65-4D28-9502-BF9E4F8E9BCA}.Release|Any CPU.Build.0 = Release|Any CPU
	EndGlobalSection
	GlobalSection(SolutionProperties) = preSolution
		HideSolutionNode = FALSE
	EndGlobalSection
	GlobalSection(NestedProjects) = preSolution
		{9A49F927-44BB-4184-91FD-02B21C82B7A7} = {EAB9DA70-EFB3-4A17-9E18-ACBF1BCF5865}
	EndGlobalSection
	GlobalSection(ExtensibilityGlobals) = postSolution
		SolutionGuid = {2D1592E4-5DFA-491C-BD38-300BF896D4C8}
	EndGlobalSection
EndGlobal
